// !$*UTF8*$!
{
	archiveVersion = 1;
	classes = {
	};
	objectVersion = 45;
	objects = {

/* Begin PBXBuildFile section */
		1D60589B0D05DD56006BFB54 /* main.m in Sources */ = {isa = PBXBuildFile; fileRef = 29B97316FDCFA39411CA2CEA /* main.m */; };
		1D60589F0D05DD5A006BFB54 /* Foundation.framework in Frameworks */ = {isa = PBXBuildFile; fileRef = 1D30AB110D05D00D00671497 /* Foundation.framework */; };
		1DF5F4E00D08C38300B7A737 /* UIKit.framework in Frameworks */ = {isa = PBXBuildFile; fileRef = 1DF5F4DF0D08C38300B7A737 /* UIKit.framework */; };
		1F2CD26F1003AD3700DB4339 /* QuartzCore.framework in Frameworks */ = {isa = PBXBuildFile; fileRef = 1F2CD26E1003AD3700DB4339 /* QuartzCore.framework */; };
		1F2CD48210050A7000DB4339 /* ControlPanelView.m in Sources */ = {isa = PBXBuildFile; fileRef = 1F2CD48110050A7000DB4339 /* ControlPanelView.m */; };
		1F5D0BF3101BB7C600201B7C /* 11.png in Resources */ = {isa = PBXBuildFile; fileRef = 1F5D0BDD101BB7C600201B7C /* 11.png */; };
		1F5D0BF4101BB7C600201B7C /* 55.png in Resources */ = {isa = PBXBuildFile; fileRef = 1F5D0BDE101BB7C600201B7C /* 55.png */; };
		1F5D0BF5101BB7C600201B7C /* 1515.png in Resources */ = {isa = PBXBuildFile; fileRef = 1F5D0BDF101BB7C600201B7C /* 1515.png */; };
		1F5D0BF6101BB7C600201B7C /* 6060.png in Resources */ = {isa = PBXBuildFile; fileRef = 1F5D0BE0101BB7C600201B7C /* 6060.png */; };
		1F5D0C58101BBEDF00201B7C /* About.png in Resources */ = {isa = PBXBuildFile; fileRef = 1F5D0C57101BBEDF00201B7C /* About.png */; };
		1F5D0C5A101BBEDF00201B7C /* AboutView.png in Resources */ = {isa = PBXBuildFile; fileRef = 1F5D0C59101BBEDF00201B7C /* AboutView.png */; };
		1F5D0C5C101BBEDF00201B7C /* AdjustButton.png in Resources */ = {isa = PBXBuildFile; fileRef = 1F5D0C5B101BBEDF00201B7C /* AdjustButton.png */; };
		1F5D0C5E101BBEDF00201B7C /* blackMovesButton.png in Resources */ = {isa = PBXBuildFile; fileRef = 1F5D0C5D101BBEDF00201B7C /* blackMovesButton.png */; };
		1F5D0C62101BBEDF00201B7C /* CloseAbout.png in Resources */ = {isa = PBXBuildFile; fileRef = 1F5D0C61101BBEDF00201B7C /* CloseAbout.png */; };
		1F5D0C66101BBEDF00201B7C /* delayDecButton.png in Resources */ = {isa = PBXBuildFile; fileRef = 1F5D0C65101BBEDF00201B7C /* delayDecButton.png */; };
		1F5D0C68101BBEDF00201B7C /* DelayIncButton.png in Resources */ = {isa = PBXBuildFile; fileRef = 1F5D0C67101BBEDF00201B7C /* DelayIncButton.png */; };
		1F5D0C6A101BBEDF00201B7C /* gameBackground.png in Resources */ = {isa = PBXBuildFile; fileRef = 1F5D0C69101BBEDF00201B7C /* gameBackground.png */; };
		1F5D0C6C101BBEDF00201B7C /* hrMinSec.png in Resources */ = {isa = PBXBuildFile; fileRef = 1F5D0C6B101BBEDF00201B7C /* hrMinSec.png */; };
		1F5D0C6E101BBEDF00201B7C /* minusButton.png in Resources */ = {isa = PBXBuildFile; fileRef = 1F5D0C6D101BBEDF00201B7C /* minusButton.png */; };
		1F5D0C70101BBEDF00201B7C /* ModeButton.png in Resources */ = {isa = PBXBuildFile; fileRef = 1F5D0C6F101BBEDF00201B7C /* ModeButton.png */; };
		1F5D0C72101BBEDF00201B7C /* PauseResumeButton.png in Resources */ = {isa = PBXBuildFile; fileRef = 1F5D0C71101BBEDF00201B7C /* PauseResumeButton.png */; };
		1F5D0C74101BBEDF00201B7C /* plusButton.png in Resources */ = {isa = PBXBuildFile; fileRef = 1F5D0C73101BBEDF00201B7C /* plusButton.png */; };
		1F5D0C76101BBEDF00201B7C /* soundButton.png in Resources */ = {isa = PBXBuildFile; fileRef = 1F5D0C75101BBEDF00201B7C /* soundButton.png */; };
		1F5D0C78101BBEDF00201B7C /* startButton.png in Resources */ = {isa = PBXBuildFile; fileRef = 1F5D0C77101BBEDF00201B7C /* startButton.png */; };
		1F5D0C7A101BBEDF00201B7C /* whiteMovesButton.png in Resources */ = {isa = PBXBuildFile; fileRef = 1F5D0C79101BBEDF00201B7C /* whiteMovesButton.png */; };
		1F5D0D03101BC3CA00201B7C /* CClockProject_SharperCodingViewController.xib in Resources */ = {isa = PBXBuildFile; fileRef = 1F5D0D02101BC3CA00201B7C /* CClockProject_SharperCodingViewController.xib */; };
		1F85DC550FFF7D7300B33BCC /* CountDownClock.m in Sources */ = {isa = PBXBuildFile; fileRef = 1F85DC540FFF7D7300B33BCC /* CountDownClock.m */; };
		1F86E95A101632F400E39068 /* panelBackground.png in Resources */ = {isa = PBXBuildFile; fileRef = 1F86E959101632F400E39068 /* panelBackground.png */; };
		1F99638C101DA50C0090E5FA /* Localizable.strings in Resources */ = {isa = PBXBuildFile; fileRef = 1F99638B101DA50C0090E5FA /* Localizable.strings */; };
		1F9B00E2101DEDB10051B5F0 /* chessClockIcon.png in Resources */ = {isa = PBXBuildFile; fileRef = 1F5D0BE5101BB7C600201B7C /* chessClockIcon.png */; };
		1FAC2BCD10187CE8008FC78F /* AudioToolbox.framework in Frameworks */ = {isa = PBXBuildFile; fileRef = 1FAC2BCC10187CE8008FC78F /* AudioToolbox.framework */; };
		1FAC2C581018BC27008FC78F /* tap.aif in Resources */ = {isa = PBXBuildFile; fileRef = 1FAC2C571018BC27008FC78F /* tap.aif */; };
		1FAC2CA51018C262008FC78F /* clockhr.png in Resources */ = {isa = PBXBuildFile; fileRef = 1FAC2CA21018C262008FC78F /* clockhr.png */; };
		1FAC2CA61018C262008FC78F /* clockmin.png in Resources */ = {isa = PBXBuildFile; fileRef = 1FAC2CA31018C262008FC78F /* clockmin.png */; };
		1FAC2CA71018C262008FC78F /* clocksec.png in Resources */ = {isa = PBXBuildFile; fileRef = 1FAC2CA41018C262008FC78F /* clocksec.png */; };
		1FB79720101DAEEE0047A506 /* Default.png in Resources */ = {isa = PBXBuildFile; fileRef = 1FB7971F101DAEEE0047A506 /* Default.png */; };
		1FBBEA96101BCE8000DC2090 /* CClockProject_SharperCodingAppDelegate.m in Sources */ = {isa = PBXBuildFile; fileRef = 1D3623250D0F684500981E51 /* CClockProject_SharperCodingAppDelegate.m */; };
		1FBBEA98101BCE8B00DC2090 /* CClockProject_SharperCodingViewController.m in Sources */ = {isa = PBXBuildFile; fileRef = 28D7ACF70DDB3853001CB0EB /* CClockProject_SharperCodingViewController.m */; };
		1FF60094100CAE3000A4F3DA /* clockBase.png in Resources */ = {isa = PBXBuildFile; fileRef = 1FF6007E100CAE3000A4F3DA /* clockBase.png */; };
		288765A50DF7441C002DB57D /* CoreGraphics.framework in Frameworks */ = {isa = PBXBuildFile; fileRef = 288765A40DF7441C002DB57D /* CoreGraphics.framework */; };
		28AD733F0D9D9553002E5188 /* MainWindow.xib in Resources */ = {isa = PBXBuildFile; fileRef = 28AD733E0D9D9553002E5188 /* MainWindow.xib */; };
/* End PBXBuildFile section */

/* Begin PBXFileReference section */
		1D30AB110D05D00D00671497 /* Foundation.framework */ = {isa = PBXFileReference; lastKnownFileType = wrapper.framework; name = Foundation.framework; path = System/Library/Frameworks/Foundation.framework; sourceTree = SDKROOT; };
		1D3623240D0F684500981E51 /* CClockProject_SharperCodingAppDelegate.h */ = {isa = PBXFileReference; fileEncoding = 4; lastKnownFileType = sourcecode.c.h; path = CClockProject_SharperCodingAppDelegate.h; sourceTree = "<group>"; };
		1D3623250D0F684500981E51 /* CClockProject_SharperCodingAppDelegate.m */ = {isa = PBXFileReference; fileEncoding = 4; lastKnownFileType = sourcecode.c.objc; path = CClockProject_SharperCodingAppDelegate.m; sourceTree = "<group>"; };
		1D6058910D05DD3D006BFB54 /* CClockProject-SharperCoding.app */ = {isa = PBXFileReference; explicitFileType = wrapper.application; includeInIndex = 0; path = "CClockProject-SharperCoding.app"; sourceTree = BUILT_PRODUCTS_DIR; };
		1DF5F4DF0D08C38300B7A737 /* UIKit.framework */ = {isa = PBXFileReference; lastKnownFileType = wrapper.framework; name = UIKit.framework; path = System/Library/Frameworks/UIKit.framework; sourceTree = SDKROOT; };
		1F2CD26E1003AD3700DB4339 /* QuartzCore.framework */ = {isa = PBXFileReference; lastKnownFileType = wrapper.framework; name = QuartzCore.framework; path = System/Library/Frameworks/QuartzCore.framework; sourceTree = SDKROOT; };
		1F2CD48010050A7000DB4339 /* ControlPanelView.h */ = {isa = PBXFileReference; fileEncoding = 4; lastKnownFileType = sourcecode.c.h; path = ControlPanelView.h; sourceTree = "<group>"; };
		1F2CD48110050A7000DB4339 /* ControlPanelView.m */ = {isa = PBXFileReference; fileEncoding = 4; lastKnownFileType = sourcecode.c.objc; path = ControlPanelView.m; sourceTree = "<group>"; };
		1F5D0B0B101B1FDC00201B7C /* TR */ = {isa = PBXFileReference; lastKnownFileType = text.plist.xml; name = TR; path = "TR.lproj/CClockProject_SharperCoding-Info.plist"; sourceTree = "<group>"; };
		1F5D0BDD101BB7C600201B7C /* 11.png */ = {isa = PBXFileReference; lastKnownFileType = image.png; path = 11.png; sourceTree = "<group>"; };
		1F5D0BDE101BB7C600201B7C /* 55.png */ = {isa = PBXFileReference; lastKnownFileType = image.png; path = 55.png; sourceTree = "<group>"; };
		1F5D0BDF101BB7C600201B7C /* 1515.png */ = {isa = PBXFileReference; lastKnownFileType = image.png; path = 1515.png; sourceTree = "<group>"; };
		1F5D0BE0101BB7C600201B7C /* 6060.png */ = {isa = PBXFileReference; lastKnownFileType = image.png; path = 6060.png; sourceTree = "<group>"; };
		1F5D0BE1101BB7C600201B7C /* English */ = {isa = PBXFileReference; lastKnownFileType = image.png; name = English; path = English.lproj/About.png; sourceTree = "<group>"; };
		1F5D0BE2101BB7C600201B7C /* English */ = {isa = PBXFileReference; lastKnownFileType = image.png; name = English; path = English.lproj/AboutView.png; sourceTree = "<group>"; };
		1F5D0BE3101BB7C600201B7C /* English */ = {isa = PBXFileReference; lastKnownFileType = image.png; name = English; path = English.lproj/AdjustButton.png; sourceTree = "<group>"; };
		1F5D0BE4101BB7C600201B7C /* English */ = {isa = PBXFileReference; lastKnownFileType = image.png; name = English; path = English.lproj/blackMovesButton.png; sourceTree = "<group>"; };
		1F5D0BE5101BB7C600201B7C /* chessClockIcon.png */ = {isa = PBXFileReference; lastKnownFileType = image.png; path = chessClockIcon.png; sourceTree = "<group>"; };
		1F5D0BE6101BB7C600201B7C /* English */ = {isa = PBXFileReference; lastKnownFileType = image.png; name = English; path = English.lproj/CloseAbout.png; sourceTree = "<group>"; };
		1F5D0BE8101BB7C600201B7C /* English */ = {isa = PBXFileReference; lastKnownFileType = image.png; name = English; path = English.lproj/delayDecButton.png; sourceTree = "<group>"; };
		1F5D0BE9101BB7C600201B7C /* English */ = {isa = PBXFileReference; lastKnownFileType = image.png; name = English; path = English.lproj/DelayIncButton.png; sourceTree = "<group>"; };
		1F5D0BEA101BB7C600201B7C /* English */ = {isa = PBXFileReference; lastKnownFileType = image.png; name = English; path = English.lproj/gameBackground.png; sourceTree = "<group>"; };
		1F5D0BEB101BB7C600201B7C /* English */ = {isa = PBXFileReference; lastKnownFileType = image.png; name = English; path = English.lproj/hrMinSec.png; sourceTree = "<group>"; };
		1F5D0BEC101BB7C600201B7C /* English */ = {isa = PBXFileReference; lastKnownFileType = image.png; name = English; path = English.lproj/minusButton.png; sourceTree = "<group>"; };
		1F5D0BED101BB7C600201B7C /* English */ = {isa = PBXFileReference; lastKnownFileType = image.png; name = English; path = English.lproj/ModeButton.png; sourceTree = "<group>"; };
		1F5D0BEE101BB7C600201B7C /* English */ = {isa = PBXFileReference; lastKnownFileType = image.png; name = English; path = English.lproj/PauseResumeButton.png; sourceTree = "<group>"; };
		1F5D0BEF101BB7C600201B7C /* English */ = {isa = PBXFileReference; lastKnownFileType = image.png; name = English; path = English.lproj/plusButton.png; sourceTree = "<group>"; };
		1F5D0BF0101BB7C600201B7C /* English */ = {isa = PBXFileReference; lastKnownFileType = image.png; name = English; path = English.lproj/soundButton.png; sourceTree = "<group>"; };
		1F5D0BF1101BB7C600201B7C /* English */ = {isa = PBXFileReference; lastKnownFileType = image.png; name = English; path = English.lproj/startButton.png; sourceTree = "<group>"; };
		1F5D0BF2101BB7C600201B7C /* English */ = {isa = PBXFileReference; lastKnownFileType = image.png; name = English; path = English.lproj/whiteMovesButton.png; sourceTree = "<group>"; };
		1F5D0C7B101BBEFE00201B7C /* TR */ = {isa = PBXFileReference; lastKnownFileType = image.png; name = TR; path = TR.lproj/About.png; sourceTree = "<group>"; };
		1F5D0C7C101BBF1E00201B7C /* TR */ = {isa = PBXFileReference; lastKnownFileType = image.png; name = TR; path = TR.lproj/AboutView.png; sourceTree = "<group>"; };
		1F5D0C7D101BBF2600201B7C /* TR */ = {isa = PBXFileReference; lastKnownFileType = image.png; name = TR; path = TR.lproj/AdjustButton.png; sourceTree = "<group>"; };
		1F5D0CAD101BC14100201B7C /* TR */ = {isa = PBXFileReference; lastKnownFileType = image.png; name = TR; path = TR.lproj/CloseAbout.png; sourceTree = "<group>"; };
		1F5D0CAF101BC1F300201B7C /* TR */ = {isa = PBXFileReference; lastKnownFileType = image.png; name = TR; path = TR.lproj/delayDecButton.png; sourceTree = "<group>"; };
		1F5D0CB0101BC1FB00201B7C /* TR */ = {isa = PBXFileReference; lastKnownFileType = image.png; name = TR; path = TR.lproj/DelayIncButton.png; sourceTree = "<group>"; };
		1F5D0CB1101BC20400201B7C /* TR */ = {isa = PBXFileReference; lastKnownFileType = image.png; name = TR; path = TR.lproj/gameBackground.png; sourceTree = "<group>"; };
		1F5D0CB2101BC20C00201B7C /* TR */ = {isa = PBXFileReference; lastKnownFileType = image.png; name = TR; path = TR.lproj/hrMinSec.png; sourceTree = "<group>"; };
		1F5D0CB3101BC21500201B7C /* TR */ = {isa = PBXFileReference; lastKnownFileType = image.png; name = TR; path = TR.lproj/minusButton.png; sourceTree = "<group>"; };
		1F5D0CB4101BC22000201B7C /* TR */ = {isa = PBXFileReference; lastKnownFileType = image.png; name = TR; path = TR.lproj/ModeButton.png; sourceTree = "<group>"; };
		1F5D0CB5101BC26500201B7C /* TR */ = {isa = PBXFileReference; lastKnownFileType = image.png; name = TR; path = TR.lproj/PauseResumeButton.png; sourceTree = "<group>"; };
		1F5D0CB7101BC28600201B7C /* TR */ = {isa = PBXFileReference; lastKnownFileType = image.png; name = TR; path = TR.lproj/plusButton.png; sourceTree = "<group>"; };
		1F5D0CB8101BC28F00201B7C /* TR */ = {isa = PBXFileReference; lastKnownFileType = image.png; name = TR; path = TR.lproj/soundButton.png; sourceTree = "<group>"; };
		1F5D0CB9101BC29400201B7C /* TR */ = {isa = PBXFileReference; lastKnownFileType = image.png; name = TR; path = TR.lproj/startButton.png; sourceTree = "<group>"; };
		1F5D0CBA101BC29C00201B7C /* TR */ = {isa = PBXFileReference; lastKnownFileType = image.png; name = TR; path = TR.lproj/whiteMovesButton.png; sourceTree = "<group>"; };
		1F5D0CBC101BC2B400201B7C /* TR */ = {isa = PBXFileReference; lastKnownFileType = image.png; name = TR; path = TR.lproj/blackMovesButton.png; sourceTree = "<group>"; };
		1F5D0D04101BC3D100201B7C /* TR */ = {isa = PBXFileReference; lastKnownFileType = file.xib; name = TR; path = TR.lproj/CClockProject_SharperCodingViewController.xib; sourceTree = "<group>"; };
		1F85DC530FFF7D7300B33BCC /* CountDownClock.h */ = {isa = PBXFileReference; fileEncoding = 4; lastKnownFileType = sourcecode.c.h; path = CountDownClock.h; sourceTree = "<group>"; };
		1F85DC540FFF7D7300B33BCC /* CountDownClock.m */ = {isa = PBXFileReference; fileEncoding = 4; lastKnownFileType = sourcecode.c.objc; path = CountDownClock.m; sourceTree = "<group>"; };
		1F86E959101632F400E39068 /* panelBackground.png */ = {isa = PBXFileReference; lastKnownFileType = image.png; path = panelBackground.png; sourceTree = "<group>"; };
		1F996385101DA4CF0090E5FA /* English */ = {isa = PBXFileReference; fileEncoding = 4; lastKnownFileType = text.plist.strings; name = English; path = English.lproj/Localizable.strings; sourceTree = "<group>"; };
		1F99638D101DA5110090E5FA /* TR */ = {isa = PBXFileReference; lastKnownFileType = text.plist.strings; name = TR; path = TR.lproj/Localizable.strings; sourceTree = "<group>"; };
		1FAC2BCC10187CE8008FC78F /* AudioToolbox.framework */ = {isa = PBXFileReference; lastKnownFileType = wrapper.framework; name = AudioToolbox.framework; path = System/Library/Frameworks/AudioToolbox.framework; sourceTree = SDKROOT; };
		1FAC2C571018BC27008FC78F /* tap.aif */ = {isa = PBXFileReference; lastKnownFileType = file; path = tap.aif; sourceTree = "<group>"; };
		1FAC2CA21018C262008FC78F /* clockhr.png */ = {isa = PBXFileReference; lastKnownFileType = image.png; path = clockhr.png; sourceTree = "<group>"; };
		1FAC2CA31018C262008FC78F /* clockmin.png */ = {isa = PBXFileReference; lastKnownFileType = image.png; path = clockmin.png; sourceTree = "<group>"; };
		1FAC2CA41018C262008FC78F /* clocksec.png */ = {isa = PBXFileReference; lastKnownFileType = image.png; path = clocksec.png; sourceTree = "<group>"; };
		1FB7971B101DAEE00047A506 /* English */ = {isa = PBXFileReference; lastKnownFileType = image.png; name = English; path = English.lproj/Default.png; sourceTree = "<group>"; };
		1FB79721101DAEF60047A506 /* TR */ = {isa = PBXFileReference; lastKnownFileType = image.png; name = TR; path = TR.lproj/Default.png; sourceTree = "<group>"; };
		1FF6007E100CAE3000A4F3DA /* clockBase.png */ = {isa = PBXFileReference; lastKnownFileType = image.png; path = clockBase.png; sourceTree = "<group>"; };
		288765A40DF7441C002DB57D /* CoreGraphics.framework */ = {isa = PBXFileReference; lastKnownFileType = wrapper.framework; name = CoreGraphics.framework; path = System/Library/Frameworks/CoreGraphics.framework; sourceTree = SDKROOT; };
		2899E5210DE3E06400AC0155 /* English */ = {isa = PBXFileReference; lastKnownFileType = file.xib; name = English; path = English.lproj/CClockProject_SharperCodingViewController.xib; sourceTree = "<group>"; };
		28AD733E0D9D9553002E5188 /* MainWindow.xib */ = {isa = PBXFileReference; lastKnownFileType = file.xib; path = MainWindow.xib; sourceTree = "<group>"; };
		28D7ACF60DDB3853001CB0EB /* CClockProject_SharperCodingViewController.h */ = {isa = PBXFileReference; fileEncoding = 4; lastKnownFileType = sourcecode.c.h; path = CClockProject_SharperCodingViewController.h; sourceTree = "<group>"; };
		28D7ACF70DDB3853001CB0EB /* CClockProject_SharperCodingViewController.m */ = {isa = PBXFileReference; fileEncoding = 4; lastKnownFileType = sourcecode.c.objc; path = CClockProject_SharperCodingViewController.m; sourceTree = "<group>"; };
		29B97316FDCFA39411CA2CEA /* main.m */ = {isa = PBXFileReference; fileEncoding = 4; lastKnownFileType = sourcecode.c.objc; path = main.m; sourceTree = "<group>"; };
		32CA4F630368D1EE00C91783 /* CClockProject_SharperCoding_Prefix.pch */ = {isa = PBXFileReference; fileEncoding = 4; lastKnownFileType = sourcecode.c.h; path = CClockProject_SharperCoding_Prefix.pch; sourceTree = "<group>"; };
		8D1107310486CEB800E47090 /* English */ = {isa = PBXFileReference; fileEncoding = 4; lastKnownFileType = text.plist.xml; name = English; path = "English.lproj/CClockProject_SharperCoding-Info.plist"; plistStructureDefinitionIdentifier = "com.apple.xcode.plist.structure-definition.iphone.info-plist"; sourceTree = "<group>"; };
/* End PBXFileReference section */

/* Begin PBXFrameworksBuildPhase section */
		1D60588F0D05DD3D006BFB54 /* Frameworks */ = {
			isa = PBXFrameworksBuildPhase;
			buildActionMask = 2147483647;
			files = (
				1D60589F0D05DD5A006BFB54 /* Foundation.framework in Frameworks */,
				1DF5F4E00D08C38300B7A737 /* UIKit.framework in Frameworks */,
				288765A50DF7441C002DB57D /* CoreGraphics.framework in Frameworks */,
				1F2CD26F1003AD3700DB4339 /* QuartzCore.framework in Frameworks */,
				1FAC2BCD10187CE8008FC78F /* AudioToolbox.framework in Frameworks */,
			);
			runOnlyForDeploymentPostprocessing = 0;
		};
/* End PBXFrameworksBuildPhase section */

/* Begin PBXGroup section */
		080E96DDFE201D6D7F000001 /* Classes */ = {
			isa = PBXGroup;
			children = (
				1D3623240D0F684500981E51 /* CClockProject_SharperCodingAppDelegate.h */,
				1D3623250D0F684500981E51 /* CClockProject_SharperCodingAppDelegate.m */,
				28D7ACF60DDB3853001CB0EB /* CClockProject_SharperCodingViewController.h */,
				28D7ACF70DDB3853001CB0EB /* CClockProject_SharperCodingViewController.m */,
				1F85DC530FFF7D7300B33BCC /* CountDownClock.h */,
				1F85DC540FFF7D7300B33BCC /* CountDownClock.m */,
				1F2CD48010050A7000DB4339 /* ControlPanelView.h */,
				1F2CD48110050A7000DB4339 /* ControlPanelView.m */,
			);
			path = Classes;
			sourceTree = "<group>";
		};
		19C28FACFE9D520D11CA2CBB /* Products */ = {
			isa = PBXGroup;
			children = (
				1D6058910D05DD3D006BFB54 /* CClockProject-SharperCoding.app */,
			);
			name = Products;
			sourceTree = "<group>";
		};
		1F10297B100345E800BA1E49 /* UIImages */ = {
			isa = PBXGroup;
			children = (
				1F5D0BDD101BB7C600201B7C /* 11.png */,
				1F5D0BDE101BB7C600201B7C /* 55.png */,
				1F5D0BDF101BB7C600201B7C /* 1515.png */,
				1F5D0BE0101BB7C600201B7C /* 6060.png */,
				1F5D0C57101BBEDF00201B7C /* About.png */,
				1F5D0C59101BBEDF00201B7C /* AboutView.png */,
				1F5D0C5B101BBEDF00201B7C /* AdjustButton.png */,
				1F5D0C5D101BBEDF00201B7C /* blackMovesButton.png */,
				1F5D0C61101BBEDF00201B7C /* CloseAbout.png */,
				1F5D0C65101BBEDF00201B7C /* delayDecButton.png */,
				1F5D0C67101BBEDF00201B7C /* DelayIncButton.png */,
				1F5D0C69101BBEDF00201B7C /* gameBackground.png */,
				1F5D0C6B101BBEDF00201B7C /* hrMinSec.png */,
				1F5D0C6D101BBEDF00201B7C /* minusButton.png */,
				1F5D0C6F101BBEDF00201B7C /* ModeButton.png */,
				1F5D0C71101BBEDF00201B7C /* PauseResumeButton.png */,
				1F5D0C73101BBEDF00201B7C /* plusButton.png */,
				1F5D0C75101BBEDF00201B7C /* soundButton.png */,
				1F5D0C77101BBEDF00201B7C /* startButton.png */,
				1F5D0C79101BBEDF00201B7C /* whiteMovesButton.png */,
				1FAC2CA21018C262008FC78F /* clockhr.png */,
				1FAC2CA31018C262008FC78F /* clockmin.png */,
				1FAC2CA41018C262008FC78F /* clocksec.png */,
				1F86E959101632F400E39068 /* panelBackground.png */,
				1FF6007E100CAE3000A4F3DA /* clockBase.png */,
			);
			name = UIImages;
			sourceTree = "<group>";
		};
		29B97314FDCFA39411CA2CEA /* CustomTemplate */ = {
			isa = PBXGroup;
			children = (
				1F5D0BE5101BB7C600201B7C /* chessClockIcon.png */,
				1FB7971F101DAEEE0047A506 /* Default.png */,
				1F99638B101DA50C0090E5FA /* Localizable.strings */,
				1FAC2C571018BC27008FC78F /* tap.aif */,
				1F10297B100345E800BA1E49 /* UIImages */,
				080E96DDFE201D6D7F000001 /* Classes */,
				29B97315FDCFA39411CA2CEA /* Other Sources */,
				29B97317FDCFA39411CA2CEA /* Resources */,
				29B97323FDCFA39411CA2CEA /* Frameworks */,
				19C28FACFE9D520D11CA2CBB /* Products */,
			);
			name = CustomTemplate;
			sourceTree = "<group>";
		};
		29B97315FDCFA39411CA2CEA /* Other Sources */ = {
			isa = PBXGroup;
			children = (
				32CA4F630368D1EE00C91783 /* CClockProject_SharperCoding_Prefix.pch */,
				29B97316FDCFA39411CA2CEA /* main.m */,
			);
			name = "Other Sources";
			sourceTree = "<group>";
		};
		29B97317FDCFA39411CA2CEA /* Resources */ = {
			isa = PBXGroup;
			children = (
				1F5D0D02101BC3CA00201B7C /* CClockProject_SharperCodingViewController.xib */,
				28AD733E0D9D9553002E5188 /* MainWindow.xib */,
				1F5D0B0A101B1FD000201B7C /* CClockProject_SharperCoding-Info.plist */,
			);
			name = Resources;
			sourceTree = "<group>";
		};
		29B97323FDCFA39411CA2CEA /* Frameworks */ = {
			isa = PBXGroup;
			children = (
				1FAC2BCC10187CE8008FC78F /* AudioToolbox.framework */,
				1F2CD26E1003AD3700DB4339 /* QuartzCore.framework */,
				1DF5F4DF0D08C38300B7A737 /* UIKit.framework */,
				1D30AB110D05D00D00671497 /* Foundation.framework */,
				288765A40DF7441C002DB57D /* CoreGraphics.framework */,
			);
			name = Frameworks;
			sourceTree = "<group>";
		};
/* End PBXGroup section */

/* Begin PBXNativeTarget section */
		1D6058900D05DD3D006BFB54 /* CClockProject-SharperCoding */ = {
			isa = PBXNativeTarget;
			buildConfigurationList = 1D6058960D05DD3E006BFB54 /* Build configuration list for PBXNativeTarget "CClockProject-SharperCoding" */;
			buildPhases = (
				1D60588D0D05DD3D006BFB54 /* Resources */,
				1D60588E0D05DD3D006BFB54 /* Sources */,
				1D60588F0D05DD3D006BFB54 /* Frameworks */,
			);
			buildRules = (
			);
			dependencies = (
			);
			name = "CClockProject-SharperCoding";
			productName = "CClockProject-SharperCoding";
			productReference = 1D6058910D05DD3D006BFB54 /* CClockProject-SharperCoding.app */;
			productType = "com.apple.product-type.application";
		};
/* End PBXNativeTarget section */

/* Begin PBXProject section */
		29B97313FDCFA39411CA2CEA /* Project object */ = {
			isa = PBXProject;
			buildConfigurationList = C01FCF4E08A954540054247B /* Build configuration list for PBXProject "ChessClock-Paid" */;
			compatibilityVersion = "Xcode 3.1";
			hasScannedForEncodings = 1;
			knownRegions = (
				English,
				Japanese,
				French,
				German,
				Tuskish,
				TR,
			);
			mainGroup = 29B97314FDCFA39411CA2CEA /* CustomTemplate */;
			projectDirPath = "";
			projectRoot = "";
			targets = (
				1D6058900D05DD3D006BFB54 /* CClockProject-SharperCoding */,
			);
		};
/* End PBXProject section */

/* Begin PBXResourcesBuildPhase section */
		1D60588D0D05DD3D006BFB54 /* Resources */ = {
			isa = PBXResourcesBuildPhase;
			buildActionMask = 2147483647;
			files = (
				28AD733F0D9D9553002E5188 /* MainWindow.xib in Resources */,
				1F5D0D03101BC3CA00201B7C /* CClockProject_SharperCodingViewController.xib in Resources */,
				1FF60094100CAE3000A4F3DA /* clockBase.png in Resources */,
				1F86E95A101632F400E39068 /* panelBackground.png in Resources */,
				1FAC2C581018BC27008FC78F /* tap.aif in Resources */,
				1FAC2CA51018C262008FC78F /* clockhr.png in Resources */,
				1FAC2CA61018C262008FC78F /* clockmin.png in Resources */,
				1FAC2CA71018C262008FC78F /* clocksec.png in Resources */,
				1F5D0BF3101BB7C600201B7C /* 11.png in Resources */,
				1F5D0BF4101BB7C600201B7C /* 55.png in Resources */,
				1F5D0BF5101BB7C600201B7C /* 1515.png in Resources */,
				1F5D0BF6101BB7C600201B7C /* 6060.png in Resources */,
				1F5D0C58101BBEDF00201B7C /* About.png in Resources */,
				1F5D0C5A101BBEDF00201B7C /* AboutView.png in Resources */,
				1F5D0C5C101BBEDF00201B7C /* AdjustButton.png in Resources */,
				1F5D0C5E101BBEDF00201B7C /* blackMovesButton.png in Resources */,
				1F9B00E2101DEDB10051B5F0 /* chessClockIcon.png in Resources */,
				1F5D0C62101BBEDF00201B7C /* CloseAbout.png in Resources */,
				1F5D0C66101BBEDF00201B7C /* delayDecButton.png in Resources */,
				1F5D0C68101BBEDF00201B7C /* DelayIncButton.png in Resources */,
				1F5D0C6A101BBEDF00201B7C /* gameBackground.png in Resources */,
				1F5D0C6C101BBEDF00201B7C /* hrMinSec.png in Resources */,
				1F5D0C6E101BBEDF00201B7C /* minusButton.png in Resources */,
				1F5D0C70101BBEDF00201B7C /* ModeButton.png in Resources */,
				1F5D0C72101BBEDF00201B7C /* PauseResumeButton.png in Resources */,
				1F5D0C74101BBEDF00201B7C /* plusButton.png in Resources */,
				1F5D0C76101BBEDF00201B7C /* soundButton.png in Resources */,
				1F5D0C78101BBEDF00201B7C /* startButton.png in Resources */,
				1F5D0C7A101BBEDF00201B7C /* whiteMovesButton.png in Resources */,
				1F99638C101DA50C0090E5FA /* Localizable.strings in Resources */,
				1FB79720101DAEEE0047A506 /* Default.png in Resources */,
			);
			runOnlyForDeploymentPostprocessing = 0;
		};
/* End PBXResourcesBuildPhase section */

/* Begin PBXSourcesBuildPhase section */
		1D60588E0D05DD3D006BFB54 /* Sources */ = {
			isa = PBXSourcesBuildPhase;
			buildActionMask = 2147483647;
			files = (
				1D60589B0D05DD56006BFB54 /* main.m in Sources */,
				1FBBEA96101BCE8000DC2090 /* CClockProject_SharperCodingAppDelegate.m in Sources */,
				1FBBEA98101BCE8B00DC2090 /* CClockProject_SharperCodingViewController.m in Sources */,
				1F85DC550FFF7D7300B33BCC /* CountDownClock.m in Sources */,
				1F2CD48210050A7000DB4339 /* ControlPanelView.m in Sources */,
			);
			runOnlyForDeploymentPostprocessing = 0;
		};
/* End PBXSourcesBuildPhase section */

/* Begin PBXVariantGroup section */
		1F5D0B0A101B1FD000201B7C /* CClockProject_SharperCoding-Info.plist */ = {
			isa = PBXVariantGroup;
			children = (
				8D1107310486CEB800E47090 /* English */,
				1F5D0B0B101B1FDC00201B7C /* TR */,
			);
			name = "CClockProject_SharperCoding-Info.plist";
			sourceTree = "<group>";
		};
		1F5D0C57101BBEDF00201B7C /* About.png */ = {
			isa = PBXVariantGroup;
			children = (
				1F5D0BE1101BB7C600201B7C /* English */,
				1F5D0C7B101BBEFE00201B7C /* TR */,
			);
			name = About.png;
			sourceTree = "<group>";
		};
		1F5D0C59101BBEDF00201B7C /* AboutView.png */ = {
			isa = PBXVariantGroup;
			children = (
				1F5D0BE2101BB7C600201B7C /* English */,
				1F5D0C7C101BBF1E00201B7C /* TR */,
			);
			name = AboutView.png;
			sourceTree = "<group>";
		};
		1F5D0C5B101BBEDF00201B7C /* AdjustButton.png */ = {
			isa = PBXVariantGroup;
			children = (
				1F5D0BE3101BB7C600201B7C /* English */,
				1F5D0C7D101BBF2600201B7C /* TR */,
			);
			name = AdjustButton.png;
			sourceTree = "<group>";
		};
		1F5D0C5D101BBEDF00201B7C /* blackMovesButton.png */ = {
			isa = PBXVariantGroup;
			children = (
				1F5D0BE4101BB7C600201B7C /* English */,
				1F5D0CBC101BC2B400201B7C /* TR */,
			);
			name = blackMovesButton.png;
			sourceTree = "<group>";
		};
		1F5D0C61101BBEDF00201B7C /* CloseAbout.png */ = {
			isa = PBXVariantGroup;
			children = (
				1F5D0BE6101BB7C600201B7C /* English */,
				1F5D0CAD101BC14100201B7C /* TR */,
			);
			name = CloseAbout.png;
			sourceTree = "<group>";
		};
		1F5D0C65101BBEDF00201B7C /* delayDecButton.png */ = {
			isa = PBXVariantGroup;
			children = (
				1F5D0BE8101BB7C600201B7C /* English */,
				1F5D0CAF101BC1F300201B7C /* TR */,
			);
			name = delayDecButton.png;
			sourceTree = "<group>";
		};
		1F5D0C67101BBEDF00201B7C /* DelayIncButton.png */ = {
			isa = PBXVariantGroup;
			children = (
				1F5D0BE9101BB7C600201B7C /* English */,
				1F5D0CB0101BC1FB00201B7C /* TR */,
			);
			name = DelayIncButton.png;
			sourceTree = "<group>";
		};
		1F5D0C69101BBEDF00201B7C /* gameBackground.png */ = {
			isa = PBXVariantGroup;
			children = (
				1F5D0BEA101BB7C600201B7C /* English */,
				1F5D0CB1101BC20400201B7C /* TR */,
			);
			name = gameBackground.png;
			sourceTree = "<group>";
		};
		1F5D0C6B101BBEDF00201B7C /* hrMinSec.png */ = {
			isa = PBXVariantGroup;
			children = (
				1F5D0BEB101BB7C600201B7C /* English */,
				1F5D0CB2101BC20C00201B7C /* TR */,
			);
			name = hrMinSec.png;
			sourceTree = "<group>";
		};
		1F5D0C6D101BBEDF00201B7C /* minusButton.png */ = {
			isa = PBXVariantGroup;
			children = (
				1F5D0BEC101BB7C600201B7C /* English */,
				1F5D0CB3101BC21500201B7C /* TR */,
			);
			name = minusButton.png;
			sourceTree = "<group>";
		};
		1F5D0C6F101BBEDF00201B7C /* ModeButton.png */ = {
			isa = PBXVariantGroup;
			children = (
				1F5D0BED101BB7C600201B7C /* English */,
				1F5D0CB4101BC22000201B7C /* TR */,
			);
			name = ModeButton.png;
			sourceTree = "<group>";
		};
		1F5D0C71101BBEDF00201B7C /* PauseResumeButton.png */ = {
			isa = PBXVariantGroup;
			children = (
				1F5D0BEE101BB7C600201B7C /* English */,
				1F5D0CB5101BC26500201B7C /* TR */,
			);
			name = PauseResumeButton.png;
			sourceTree = "<group>";
		};
		1F5D0C73101BBEDF00201B7C /* plusButton.png */ = {
			isa = PBXVariantGroup;
			children = (
				1F5D0BEF101BB7C600201B7C /* English */,
				1F5D0CB7101BC28600201B7C /* TR */,
			);
			name = plusButton.png;
			sourceTree = "<group>";
		};
		1F5D0C75101BBEDF00201B7C /* soundButton.png */ = {
			isa = PBXVariantGroup;
			children = (
				1F5D0BF0101BB7C600201B7C /* English */,
				1F5D0CB8101BC28F00201B7C /* TR */,
			);
			name = soundButton.png;
			sourceTree = "<group>";
		};
		1F5D0C77101BBEDF00201B7C /* startButton.png */ = {
			isa = PBXVariantGroup;
			children = (
				1F5D0BF1101BB7C600201B7C /* English */,
				1F5D0CB9101BC29400201B7C /* TR */,
			);
			name = startButton.png;
			sourceTree = "<group>";
		};
		1F5D0C79101BBEDF00201B7C /* whiteMovesButton.png */ = {
			isa = PBXVariantGroup;
			children = (
				1F5D0BF2101BB7C600201B7C /* English */,
				1F5D0CBA101BC29C00201B7C /* TR */,
			);
			name = whiteMovesButton.png;
			sourceTree = "<group>";
		};
		1F5D0D02101BC3CA00201B7C /* CClockProject_SharperCodingViewController.xib */ = {
			isa = PBXVariantGroup;
			children = (
				2899E5210DE3E06400AC0155 /* English */,
				1F5D0D04101BC3D100201B7C /* TR */,
			);
			name = CClockProject_SharperCodingViewController.xib;
			sourceTree = "<group>";
		};
		1F99638B101DA50C0090E5FA /* Localizable.strings */ = {
			isa = PBXVariantGroup;
			children = (
				1F996385101DA4CF0090E5FA /* English */,
				1F99638D101DA5110090E5FA /* TR */,
			);
			name = Localizable.strings;
			sourceTree = "<group>";
		};
		1FB7971F101DAEEE0047A506 /* Default.png */ = {
			isa = PBXVariantGroup;
			children = (
				1FB7971B101DAEE00047A506 /* English */,
				1FB79721101DAEF60047A506 /* TR */,
			);
			name = Default.png;
			sourceTree = "<group>";
		};
/* End PBXVariantGroup section */

/* Begin XCBuildConfiguration section */
		1D6058940D05DD3E006BFB54 /* Debug */ = {
			isa = XCBuildConfiguration;
			buildSettings = {
				ALWAYS_SEARCH_USER_PATHS = NO;
				COPY_PHASE_STRIP = NO;
				FRAMEWORK_SEARCH_PATHS = (
					"$(inherited)",
					"\"$(SRCROOT)\"",
				);
				GCC_DYNAMIC_NO_PIC = NO;
				GCC_OPTIMIZATION_LEVEL = 0;
				GCC_PRECOMPILE_PREFIX_HEADER = YES;
				GCC_PREFIX_HEADER = CClockProject_SharperCoding_Prefix.pch;
				INFOPLIST_FILE = "English.lproj/CClockProject_SharperCoding-Info.plist";
				PRODUCT_NAME = "CClockProject-SharperCoding";
			};
			name = Debug;
		};
		1D6058950D05DD3E006BFB54 /* Release */ = {
			isa = XCBuildConfiguration;
			buildSettings = {
				ALWAYS_SEARCH_USER_PATHS = NO;
				COPY_PHASE_STRIP = YES;
				FRAMEWORK_SEARCH_PATHS = (
					"$(inherited)",
					"\"$(SRCROOT)\"",
				);
				GCC_PRECOMPILE_PREFIX_HEADER = YES;
				GCC_PREFIX_HEADER = CClockProject_SharperCoding_Prefix.pch;
				INFOPLIST_FILE = "English.lproj/CClockProject_SharperCoding-Info.plist";
				PRODUCT_NAME = "CClockProject-SharperCoding";
			};
			name = Release;
		};
		1F9B00AA101DEA990051B5F0 /* Distribution */ = {
			isa = XCBuildConfiguration;
			buildSettings = {
				ARCHS = "$(ARCHS_STANDARD_32_BIT)";
				CODE_SIGN_ENTITLEMENTS = "";
				CODE_SIGN_IDENTITY = "iPhone Developer";
				"CODE_SIGN_IDENTITY[sdk=iphoneos*]" = "iPhone Developer";
				GCC_C_LANGUAGE_STANDARD = c99;
				GCC_WARN_ABOUT_RETURN_TYPE = YES;
				GCC_WARN_UNUSED_VARIABLE = YES;
				PREBINDING = NO;
				PROVISIONING_PROFILE = "";
				"PROVISIONING_PROFILE[sdk=iphoneos*]" = "";
				SDKROOT = iphoneos3.0;
			};
			name = Distribution;
		};
		1F9B00AB101DEA990051B5F0 /* Distribution */ = {
			isa = XCBuildConfiguration;
			buildSettings = {
				ALWAYS_SEARCH_USER_PATHS = NO;
				COPY_PHASE_STRIP = YES;
				FRAMEWORK_SEARCH_PATHS = (
					"$(inherited)",
					"\"$(SRCROOT)\"",
				);
				GCC_PRECOMPILE_PREFIX_HEADER = YES;
				GCC_PREFIX_HEADER = CClockProject_SharperCoding_Prefix.pch;
				INFOPLIST_FILE = "English.lproj/CClockProject_SharperCoding-Info.plist";
				PRODUCT_NAME = "CClockProject-SharperCoding";
			};
			name = Distribution;
		};
		C01FCF4F08A954540054247B /* Debug */ = {
			isa = XCBuildConfiguration;
			buildSettings = {
				ARCHS = "$(ARCHS_STANDARD_32_BIT)";
				CODE_SIGN_IDENTITY = "iPhone Developer: Gediz Gursu";
				"CODE_SIGN_IDENTITY[sdk=iphoneos*]" = "iPhone Developer: Gediz Gursu";
				GCC_C_LANGUAGE_STANDARD = c99;
				GCC_WARN_ABOUT_RETURN_TYPE = YES;
				GCC_WARN_UNUSED_VARIABLE = YES;
				PREBINDING = NO;
				PROVISIONING_PROFILE = "B77765E3-F7AE-4604-B677-1EA797C4034A";
				"PROVISIONING_PROFILE[sdk=iphoneos*]" = "B77765E3-F7AE-4604-B677-1EA797C4034A";
				SDKROOT = iphoneos3.0;
			};
			name = Debug;
		};
		C01FCF5008A954540054247B /* Release */ = {
			isa = XCBuildConfiguration;
			buildSettings = {
				ARCHS = "$(ARCHS_STANDARD_32_BIT)";
				CODE_SIGN_IDENTITY = "iPhone Developer: Gediz Gursu";
				"CODE_SIGN_IDENTITY[sdk=iphoneos*]" = "iPhone Developer: Gediz Gursu";
				GCC_C_LANGUAGE_STANDARD = c99;
				GCC_WARN_ABOUT_RETURN_TYPE = YES;
				GCC_WARN_UNUSED_VARIABLE = YES;
				PREBINDING = NO;
				PROVISIONING_PROFILE = "B77765E3-F7AE-4604-B677-1EA797C4034A";
				"PROVISIONING_PROFILE[sdk=iphoneos*]" = "B77765E3-F7AE-4604-B677-1EA797C4034A";
				SDKROOT = iphoneos3.0;
			};
			name = Release;
		};
/* End XCBuildConfiguration section */

/* Begin XCConfigurationList section */
		1D6058960D05DD3E006BFB54 /* Build configuration list for PBXNativeTarget "CClockProject-SharperCoding" */ = {
			isa = XCConfigurationList;
			buildConfigurations = (
				1D6058940D05DD3E006BFB54 /* Debug */,
				1D6058950D05DD3E006BFB54 /* Release */,
				1F9B00AB101DEA990051B5F0 /* Distribution */,
			);
			defaultConfigurationIsVisible = 0;
			defaultConfigurationName = Release;
		};
		C01FCF4E08A954540054247B /* Build configuration list for PBXProject "ChessClock-Paid" */ = {
			isa = XCConfigurationList;
			buildConfigurations = (
				C01FCF4F08A954540054247B /* Debug */,
				C01FCF5008A954540054247B /* Release */,
				1F9B00AA101DEA990051B5F0 /* Distribution */,
			);
			defaultConfigurationIsVisible = 0;
			defaultConfigurationName = Release;
		};
/* End XCConfigurationList section */
	};
	rootObject = 29B97313FDCFA39411CA2CEA /* Project object */;
}
